{
  "originHash" : "8bda4c343333155a99bd90ffa1ec6fcf4771a112deb5c6c76c682106b2392e70",
  "pins" : [
    {
      "identity" : "capacitor-swift-pm",
      "kind" : "remoteSourceControl",
      "location" : "https://github.com/ionic-team/capacitor-swift-pm.git",
      "state" : {
        "revision" : "6afa7424fd2fcd8ca1e577478e8a00af284b7e82",
        "version" : "8.5.1"
      }
    }
  ],
  "version" : 3
}
